
Microsoft Visual Studio Solution File, Format Version 12.00
# Visual Studio Version 16
VisualStudioVersion = 16.0.29409.12
MinimumVisualStudioVersion = 10.0.40219.1
Project("{FAE04EC0-301F-11D3-BF4B-00C04F79EFBC}") = "PhoneShop.UI", "PhoneShop.UI\PhoneShop.UI.csproj", "{DBAEFACC-6265-47AD-A43B-9BEA9E506C67}"
EndProject
Project("{FAE04EC0-301F-11D3-BF4B-00C04F79EFBC}") = "PhoneShop.BLL", "PhoneShop.BLL\PhoneShop.BLL.csproj", "{6F0C5DC0-2DCE-408F-8A36-EC33F38E35E4}"
EndProject
Project("{FAE04EC0-301F-11D3-BF4B-00C04F79EFBC}") = "PhoneShop.DAL", "PhoneShop.DAL\PhoneShop.DAL.csproj", "{0790AC56-A39C-400A-9489-766D5F553F26}"
EndProject
Global
	GlobalSection(SolutionConfigurationPlatforms) = preSolution
		Debug|Any CPU = Debug|Any CPU
		Release|Any CPU = Release|Any CPU
	EndGlobalSection
	GlobalSection(ProjectConfigurationPlatforms) = postSolution
		{DBAEFACC-6265-47AD-A43B-9BEA9E506C67}.Debug|Any CPU.ActiveCfg = Debug|Any CPU
		{DBAEFACC-6265-47AD-A43B-9BEA9E506C67}.Debug|Any CPU.Build.0 = Debug|Any CPU
		{DBAEFACC-6265-47AD-A43B-9BEA9E506C67}.Release|Any CPU.ActiveCfg = Release|Any CPU
		{DBAEFACC-6265-47AD-A43B-9BEA9E506C67}.Release|Any CPU.Build.0 = Release|Any CPU
		{6F0C5DC0-2DCE-408F-8A36-EC33F38E35E4}.Debug|Any CPU.ActiveCfg = Debug|Any CPU
		{6F0C5DC0-2DCE-408F-8A36-EC33F38E35E4}.Debug|Any CPU.Build.0 = Debug|Any CPU
		{6F0C5DC0-2DCE-408F-8A36-EC33F38E35E4}.Release|Any CPU.ActiveCfg = Release|Any CPU
		{6F0C5DC0-2DCE-408F-8A36-EC33F38E35E4}.Release|Any CPU.Build.0 = Release|Any CPU
		{0790AC56-A39C-400A-9489-766D5F553F26}.Debug|Any CPU.ActiveCfg = Debug|Any CPU
		{0790AC56-A39C-400A-9489-766D5F553F26}.Debug|Any CPU.Build.0 = Debug|Any CPU
		{0790AC56-A39C-400A-9489-766D5F553F26}.Release|Any CPU.ActiveCfg = Release|Any CPU
		{0790AC56-A39C-400A-9489-766D5F553F26}.Release|Any CPU.Build.0 = Release|Any CPU
	EndGlobalSection
	GlobalSection(SolutionProperties) = preSolution
		HideSolutionNode = FALSE
	EndGlobalSection
	GlobalSection(ExtensibilityGlobals) = postSolution
		SolutionGuid = {21107B0F-63EB-4D77-B2EB-0D90433C0B53}
	EndGlobalSection
EndGlobal
